PODS:
  - EZSwiftExtensions (2.0)
  - GoogleMaps (2.7.0):
    - GoogleMaps/Maps (= 2.7.0)
  - GoogleMaps/Base (2.7.0)
  - GoogleMaps/Maps (2.7.0):
    - GoogleMaps/Base
  - GooglePlacePicker (2.7.0):
    - GoogleMaps (= 2.7.0)
    - GooglePlaces (= 2.7.0)
  - GooglePlaces (2.7.0):
    - GoogleMaps/Base (= 2.7.0)
  - IQKeyboardManagerSwift (6.2.0)
  - ObjectMapper (3.4.1)

DEPENDENCIES:
  - EZSwiftExtensions
  - GoogleMaps
  - GooglePlacePicker
  - GooglePlaces
  - IQKeyboardManagerSwift
  - ObjectMapper

SPEC REPOS:
  https://github.com/cocoapods/specs.git:
    - EZSwiftExtensions
    - GoogleMaps
    - GooglePlacePicker
    - GooglePlaces
    - IQKeyboardManagerSwift
    - ObjectMapper

SPEC CHECKSUMS:
  EZSwiftExtensions: f73648a591e529a1dbd83c22b19fd3e57df6fb7d
  GoogleMaps: f79af95cb24d869457b1f961c93d3ce8b2f3b848
  GooglePlacePicker: 59ea44db173c58486ad6123993e81feefcbce9c3
  GooglePlaces: 3d06e6c99654545b4738ce49648745779c25f2ef
  IQKeyboardManagerSwift: b07ccf9d8cafe993dcd6cb794eb4ba34611a0c4e
  ObjectMapper: 5311bd50ca732930959e7ca1a2de43ab823a5ced

PODFILE CHECKSUM: 45e464469e1c65699dcc78079fec8972de10c686

COCOAPODS: 1.5.3
